
Microsoft Visual Studio Solution File, Format Version 12.00
# Visual Studio Version 17
VisualStudioVersion = 17.14.36429.23 d17.14
MinimumVisualStudioVersion = 10.0.40219.1
Project("{FAE04EC0-301F-11D3-BF4B-00C04F79EFBC}") = "1labaTI", "1labaTI\1labaTI.csproj", "{541529CE-4913-4335-B4EC-C858FB90FC63}"
EndProject
Global
	GlobalSection(SolutionConfigurationPlatforms) = preSolution
		Debug|Any CPU = Debug|Any CPU
		Release|Any CPU = Release|Any CPU
	EndGlobalSection
	GlobalSection(ProjectConfigurationPlatforms) = postSolution
		{541529CE-4913-4335-B4EC-C858FB90FC63}.Debug|Any CPU.ActiveCfg = Debug|Any CPU
		{541529CE-4913-4335-B4EC-C858FB90FC63}.Debug|Any CPU.Build.0 = Debug|Any CPU
		{541529CE-4913-4335-B4EC-C858FB90FC63}.Release|Any CPU.ActiveCfg = Release|Any CPU
		{541529CE-4913-4335-B4EC-C858FB90FC63}.Release|Any CPU.Build.0 = Release|Any CPU
	EndGlobalSection
	GlobalSection(SolutionProperties) = preSolution
		HideSolutionNode = FALSE
	EndGlobalSection
	GlobalSection(ExtensibilityGlobals) = postSolution
		SolutionGuid = {3840F6BD-310F-48CB-87F5-996163ABFCFD}
	EndGlobalSection
EndGlobal
